PODS:
  - Flutter (1.0.0)
  - get_settings (1.0.0):
    - Flutter

DEPENDENCIES:
  - Flutter (from `Flutter`)
  - get_settings (from `.symlinks/plugins/get_settings/ios`)

EXTERNAL SOURCES:
  Flutter:
    :path: Flutter
  get_settings:
    :path: ".symlinks/plugins/get_settings/ios"

SPEC CHECKSUMS:
  Flutter: f04841e97a9d0b0a8025694d0796dd46242b2854
  get_settings: c1becceb28458ab84ed990a809a638571b8ace45

PODFILE CHECKSUM: ef19549a9bc3046e7bb7d2fab4d021637c0c58a3

COCOAPODS: 1.14.3
